github.com/gorilla/websocket v1.5.3 h1:saDtZ6Pbx/0u+bgYQ3q96pZgCzfhKXGPqt7kZ72aNNg=
github.com/gorilla/websocket v1.5.3/go.mod h1:YR8l580nyteQvAITg2hZ9XVh4b55+EU/adAjf1fMHhE=
github.com/klauspost/compress v1.17.11 h1:In6xLpyWOi1+C7tXUUWv2ot1QvBjxevKAaI6IXrJmUc=
github.com/klauspost/compress v1.17.11/go.mod h1:pMDklpSncoRMuLFrf1W9Ss9KT+0rH90U12bZKk7uwG0=
github.com/psanford/wormhole-william v1.0.8 h1:P8s4eQVzZ19cw9N/+HndP6w9lW11UrIUz/F4XvJJu4s=
github.com/psanford/wormhole-william v1.0.8/go.mod h1:vMkLY+1bamCEnxfzruo06QqtY1fbrL3PibfQbyv4RgI=
golang.org/x/crypto v0.45.0 h1:jMBrvKuj23MTlT0bQEOBcAE0mjg8mK9RXFhRH6nyF3Q=
golang.org/x/crypto v0.45.0/go.mod h1:XTGrrkGJve7CYK7J8PEww4aY7gM3qMCElcJQ8n8JdX4=
golang.org/x/sys v0.38.0 h1:3yZWxaJjBmCWXqhN1qh02AkOnCQ1poK6oF+a7xWL6Gc=
golang.org/x/sys v0.38.0/go.mod h1:OgkHotnGiDImocRcuBABYBEXf8A9a87e/uXjp9XT3ks=
nhooyr.io/websocket v1.8.17 h1:KEVeLJkUywCKVsnLIDlD/5gtayKp8VoCkksHCGGfT9Y=
nhooyr.io/websocket v1.8.17/go.mod h1:rN9OFWIUwuxg4fR5tELlYC04bXYowCP9GX47ivo2l+c=
salsa.debian.org/vasudev/gospake2 v0.0.0-20210510093858-d91629950ad1 h1:m65DhEZR/5zbgOGW4sQGDZmIwro+xBGIBQGWm43SlxM=
salsa.debian.org/vasudev/gospake2 v0.0.0-20210510093858-d91629950ad1/go.mod h1:soKzqXBAtqHTODjyA0VzH2iERtpzN1w65eZUfetn2cQ=
